
Microsoft Visual Studio Solution File, Format Version 12.00
# Visual Studio Version 17
VisualStudioVersion = 17.0.31903.59
MinimumVisualStudioVersion = 10.0.40219.1
Project("{FAE04EC0-301F-11D3-BF4B-00C04F79EFBC}") = "Host", "Host\Host.csproj", "{81A21167-19D4-411F-9DBE-2D7165908FDF}"
EndProject
Project("{FAE04EC0-301F-11D3-BF4B-00C04F79EFBC}") = "Domain", "Domain\Domain.csproj", "{182FCC99-72BF-48E6-8266-B03740B338E0}"
EndProject
Project("{FAE04EC0-301F-11D3-BF4B-00C04F79EFBC}") = "Infrastructure", "Infrastructure\Infrastructure.csproj", "{6261225F-98BB-492E-BFC3-05FFE67D6861}"
EndProject
Project("{FAE04EC0-301F-11D3-BF4B-00C04F79EFBC}") = "Application", "Application\Application.csproj", "{A0B671D9-7695-4E3F-A2B2-3573F18A4DDC}"
EndProject
Global
	GlobalSection(SolutionConfigurationPlatforms) = preSolution
		Debug|Any CPU = Debug|Any CPU
		Release|Any CPU = Release|Any CPU
	EndGlobalSection
	GlobalSection(SolutionProperties) = preSolution
		HideSolutionNode = FALSE
	EndGlobalSection
	GlobalSection(ProjectConfigurationPlatforms) = postSolution
		{81A21167-19D4-411F-9DBE-2D7165908FDF}.Debug|Any CPU.ActiveCfg = Debug|Any CPU
		{81A21167-19D4-411F-9DBE-2D7165908FDF}.Debug|Any CPU.Build.0 = Debug|Any CPU
		{81A21167-19D4-411F-9DBE-2D7165908FDF}.Release|Any CPU.ActiveCfg = Release|Any CPU
		{81A21167-19D4-411F-9DBE-2D7165908FDF}.Release|Any CPU.Build.0 = Release|Any CPU
		{182FCC99-72BF-48E6-8266-B03740B338E0}.Debug|Any CPU.ActiveCfg = Debug|Any CPU
		{182FCC99-72BF-48E6-8266-B03740B338E0}.Debug|Any CPU.Build.0 = Debug|Any CPU
		{182FCC99-72BF-48E6-8266-B03740B338E0}.Release|Any CPU.ActiveCfg = Release|Any CPU
		{182FCC99-72BF-48E6-8266-B03740B338E0}.Release|Any CPU.Build.0 = Release|Any CPU
		{6261225F-98BB-492E-BFC3-05FFE67D6861}.Debug|Any CPU.ActiveCfg = Debug|Any CPU
		{6261225F-98BB-492E-BFC3-05FFE67D6861}.Debug|Any CPU.Build.0 = Debug|Any CPU
		{6261225F-98BB-492E-BFC3-05FFE67D6861}.Release|Any CPU.ActiveCfg = Release|Any CPU
		{6261225F-98BB-492E-BFC3-05FFE67D6861}.Release|Any CPU.Build.0 = Release|Any CPU
		{A0B671D9-7695-4E3F-A2B2-3573F18A4DDC}.Debug|Any CPU.ActiveCfg = Debug|Any CPU
		{A0B671D9-7695-4E3F-A2B2-3573F18A4DDC}.Debug|Any CPU.Build.0 = Debug|Any CPU
		{A0B671D9-7695-4E3F-A2B2-3573F18A4DDC}.Release|Any CPU.ActiveCfg = Release|Any CPU
		{A0B671D9-7695-4E3F-A2B2-3573F18A4DDC}.Release|Any CPU.Build.0 = Release|Any CPU
	EndGlobalSection
EndGlobal
